
Microsoft Visual Studio Solution File, Format Version 12.00
# Visual Studio Version 17
VisualStudioVersion = 17.13.35818.85 d17.13
MinimumVisualStudioVersion = 10.0.40219.1
Project("{FAE04EC0-301F-11D3-BF4B-00C04F79EFBC}") = "Smart-Home-Control-Dashboard-HH", "Smart-Home-Control-Dashboard-HH\Smart-Home-Control-Dashboard-HH.csproj", "{CDCA8709-86C1-462E-AA6D-A6726A1893DE}"
EndProject
Global
	GlobalSection(SolutionConfigurationPlatforms) = preSolution
		Debug|Any CPU = Debug|Any CPU
		Release|Any CPU = Release|Any CPU
	EndGlobalSection
	GlobalSection(ProjectConfigurationPlatforms) = postSolution
		{CDCA8709-86C1-462E-AA6D-A6726A1893DE}.Debug|Any CPU.ActiveCfg = Debug|Any CPU
		{CDCA8709-86C1-462E-AA6D-A6726A1893DE}.Debug|Any CPU.Build.0 = Debug|Any CPU
		{CDCA8709-86C1-462E-AA6D-A6726A1893DE}.Release|Any CPU.ActiveCfg = Release|Any CPU
		{CDCA8709-86C1-462E-AA6D-A6726A1893DE}.Release|Any CPU.Build.0 = Release|Any CPU
	EndGlobalSection
	GlobalSection(SolutionProperties) = preSolution
		HideSolutionNode = FALSE
	EndGlobalSection
	GlobalSection(ExtensibilityGlobals) = postSolution
		SolutionGuid = {7F11773B-845D-46FF-A591-14CF2E3D220F}
	EndGlobalSection
EndGlobal
